
Microsoft Visual Studio Solution File, Format Version 12.00
# Visual Studio 15
Project("{FAE04EC0-301F-11D3-BF4B-00C04F79EFBC}") = "MvxColoredFormsTabs.Android", "MvxColoredFormsTabs.Android\MvxColoredFormsTabs.Android.csproj", "{6E033593-3CF4-473A-B911-606952D7C225}"
EndProject
Project("{FAE04EC0-301F-11D3-BF4B-00C04F79EFBC}") = "MvxColoredFormsTabs.iOS", "MvxColoredFormsTabs.iOS\MvxColoredFormsTabs.iOS.csproj", "{8E0554D9-993B-4E7E-ACFE-9D7992677891}"
EndProject
Project("{FAE04EC0-301F-11D3-BF4B-00C04F79EFBC}") = "MvxColoredFormsTabs.UITests", "MvxColoredFormsTabs.UITests\MvxColoredFormsTabs.UITests.csproj", "{B19C892E-2628-4CA7-AD27-08D406A3B14B}"
EndProject
Project("{FAE04EC0-301F-11D3-BF4B-00C04F79EFBC}") = "MvxColoredFormsTabs", "MvxColoredFormsTabs\MvxColoredFormsTabs.csproj", "{8071E358-6812-4180-8C55-1A37D994E2BD}"
EndProject
Global
	GlobalSection(SolutionConfigurationPlatforms) = preSolution
		Debug|Any CPU = Debug|Any CPU
		Release|Any CPU = Release|Any CPU
		Debug|iPhoneSimulator = Debug|iPhoneSimulator
		Release|iPhoneSimulator = Release|iPhoneSimulator
		Debug|iPhone = Debug|iPhone
		Release|iPhone = Release|iPhone
		Ad-Hoc|iPhone = Ad-Hoc|iPhone
		AppStore|iPhone = AppStore|iPhone
	EndGlobalSection
	GlobalSection(ProjectConfigurationPlatforms) = postSolution
		{6E033593-3CF4-473A-B911-606952D7C225}.Debug|Any CPU.ActiveCfg = Debug|Any CPU
		{6E033593-3CF4-473A-B911-606952D7C225}.Debug|Any CPU.Build.0 = Debug|Any CPU
		{6E033593-3CF4-473A-B911-606952D7C225}.Release|Any CPU.ActiveCfg = Release|Any CPU
		{6E033593-3CF4-473A-B911-606952D7C225}.Release|Any CPU.Build.0 = Release|Any CPU
		{6E033593-3CF4-473A-B911-606952D7C225}.Debug|iPhoneSimulator.ActiveCfg = Debug|Any CPU
		{6E033593-3CF4-473A-B911-606952D7C225}.Debug|iPhoneSimulator.Build.0 = Debug|Any CPU
		{6E033593-3CF4-473A-B911-606952D7C225}.Release|iPhoneSimulator.ActiveCfg = Release|Any CPU
		{6E033593-3CF4-473A-B911-606952D7C225}.Release|iPhoneSimulator.Build.0 = Release|Any CPU
		{6E033593-3CF4-473A-B911-606952D7C225}.Debug|iPhone.ActiveCfg = Debug|Any CPU
		{6E033593-3CF4-473A-B911-606952D7C225}.Debug|iPhone.Build.0 = Debug|Any CPU
		{6E033593-3CF4-473A-B911-606952D7C225}.Release|iPhone.ActiveCfg = Release|Any CPU
		{6E033593-3CF4-473A-B911-606952D7C225}.Release|iPhone.Build.0 = Release|Any CPU
		{6E033593-3CF4-473A-B911-606952D7C225}.Ad-Hoc|iPhone.ActiveCfg = Debug|Any CPU
		{6E033593-3CF4-473A-B911-606952D7C225}.Ad-Hoc|iPhone.Build.0 = Debug|Any CPU
		{6E033593-3CF4-473A-B911-606952D7C225}.AppStore|iPhone.ActiveCfg = Debug|Any CPU
		{6E033593-3CF4-473A-B911-606952D7C225}.AppStore|iPhone.Build.0 = Debug|Any CPU
		{8E0554D9-993B-4E7E-ACFE-9D7992677891}.Debug|Any CPU.ActiveCfg = Debug|iPhoneSimulator
		{8E0554D9-993B-4E7E-ACFE-9D7992677891}.Debug|Any CPU.Build.0 = Debug|iPhoneSimulator
		{8E0554D9-993B-4E7E-ACFE-9D7992677891}.Release|Any CPU.ActiveCfg = Release|iPhoneSimulator
		{8E0554D9-993B-4E7E-ACFE-9D7992677891}.Release|Any CPU.Build.0 = Release|iPhoneSimulator
		{8E0554D9-993B-4E7E-ACFE-9D7992677891}.Debug|iPhoneSimulator.ActiveCfg = Debug|iPhoneSimulator
		{8E0554D9-993B-4E7E-ACFE-9D7992677891}.Debug|iPhoneSimulator.Build.0 = Debug|iPhoneSimulator
		{8E0554D9-993B-4E7E-ACFE-9D7992677891}.Release|iPhoneSimulator.ActiveCfg = Release|iPhoneSimulator
		{8E0554D9-993B-4E7E-ACFE-9D7992677891}.Release|iPhoneSimulator.Build.0 = Release|iPhoneSimulator
		{8E0554D9-993B-4E7E-ACFE-9D7992677891}.Debug|iPhone.ActiveCfg = Debug|iPhone
		{8E0554D9-993B-4E7E-ACFE-9D7992677891}.Debug|iPhone.Build.0 = Debug|iPhone
		{8E0554D9-993B-4E7E-ACFE-9D7992677891}.Release|iPhone.ActiveCfg = Release|iPhone
		{8E0554D9-993B-4E7E-ACFE-9D7992677891}.Release|iPhone.Build.0 = Release|iPhone
		{8E0554D9-993B-4E7E-ACFE-9D7992677891}.Ad-Hoc|iPhone.ActiveCfg = Ad-Hoc|iPhone
		{8E0554D9-993B-4E7E-ACFE-9D7992677891}.Ad-Hoc|iPhone.Build.0 = Ad-Hoc|iPhone
		{8E0554D9-993B-4E7E-ACFE-9D7992677891}.AppStore|iPhone.ActiveCfg = AppStore|iPhone
		{8E0554D9-993B-4E7E-ACFE-9D7992677891}.AppStore|iPhone.Build.0 = AppStore|iPhone
		{B19C892E-2628-4CA7-AD27-08D406A3B14B}.Debug|Any CPU.ActiveCfg = Debug|Any CPU
		{B19C892E-2628-4CA7-AD27-08D406A3B14B}.Debug|Any CPU.Build.0 = Debug|Any CPU
		{B19C892E-2628-4CA7-AD27-08D406A3B14B}.Release|Any CPU.ActiveCfg = Release|Any CPU
		{B19C892E-2628-4CA7-AD27-08D406A3B14B}.Release|Any CPU.Build.0 = Release|Any CPU
		{B19C892E-2628-4CA7-AD27-08D406A3B14B}.Debug|iPhoneSimulator.ActiveCfg = Debug|Any CPU
		{B19C892E-2628-4CA7-AD27-08D406A3B14B}.Debug|iPhoneSimulator.Build.0 = Debug|Any CPU
		{B19C892E-2628-4CA7-AD27-08D406A3B14B}.Release|iPhoneSimulator.ActiveCfg = Release|Any CPU
		{B19C892E-2628-4CA7-AD27-08D406A3B14B}.Release|iPhoneSimulator.Build.0 = Release|Any CPU
		{B19C892E-2628-4CA7-AD27-08D406A3B14B}.Debug|iPhone.ActiveCfg = Debug|Any CPU
		{B19C892E-2628-4CA7-AD27-08D406A3B14B}.Debug|iPhone.Build.0 = Debug|Any CPU
		{B19C892E-2628-4CA7-AD27-08D406A3B14B}.Release|iPhone.ActiveCfg = Release|Any CPU
		{B19C892E-2628-4CA7-AD27-08D406A3B14B}.Release|iPhone.Build.0 = Release|Any CPU
		{B19C892E-2628-4CA7-AD27-08D406A3B14B}.Ad-Hoc|iPhone.ActiveCfg = Debug|Any CPU
		{B19C892E-2628-4CA7-AD27-08D406A3B14B}.Ad-Hoc|iPhone.Build.0 = Debug|Any CPU
		{B19C892E-2628-4CA7-AD27-08D406A3B14B}.AppStore|iPhone.ActiveCfg = Debug|Any CPU
		{B19C892E-2628-4CA7-AD27-08D406A3B14B}.AppStore|iPhone.Build.0 = Debug|Any CPU
		{8071E358-6812-4180-8C55-1A37D994E2BD}.Debug|Any CPU.ActiveCfg = Debug|Any CPU
		{8071E358-6812-4180-8C55-1A37D994E2BD}.Debug|Any CPU.Build.0 = Debug|Any CPU
		{8071E358-6812-4180-8C55-1A37D994E2BD}.Release|Any CPU.ActiveCfg = Release|Any CPU
		{8071E358-6812-4180-8C55-1A37D994E2BD}.Release|Any CPU.Build.0 = Release|Any CPU
		{8071E358-6812-4180-8C55-1A37D994E2BD}.Debug|iPhoneSimulator.ActiveCfg = Debug|Any CPU
		{8071E358-6812-4180-8C55-1A37D994E2BD}.Debug|iPhoneSimulator.Build.0 = Debug|Any CPU
		{8071E358-6812-4180-8C55-1A37D994E2BD}.Release|iPhoneSimulator.ActiveCfg = Release|Any CPU
		{8071E358-6812-4180-8C55-1A37D994E2BD}.Release|iPhoneSimulator.Build.0 = Release|Any CPU
		{8071E358-6812-4180-8C55-1A37D994E2BD}.Debug|iPhone.ActiveCfg = Debug|Any CPU
		{8071E358-6812-4180-8C55-1A37D994E2BD}.Debug|iPhone.Build.0 = Debug|Any CPU
		{8071E358-6812-4180-8C55-1A37D994E2BD}.Release|iPhone.ActiveCfg = Release|Any CPU
		{8071E358-6812-4180-8C55-1A37D994E2BD}.Release|iPhone.Build.0 = Release|Any CPU
		{8071E358-6812-4180-8C55-1A37D994E2BD}.Ad-Hoc|iPhone.ActiveCfg = Debug|Any CPU
		{8071E358-6812-4180-8C55-1A37D994E2BD}.Ad-Hoc|iPhone.Build.0 = Debug|Any CPU
		{8071E358-6812-4180-8C55-1A37D994E2BD}.AppStore|iPhone.ActiveCfg = Debug|Any CPU
		{8071E358-6812-4180-8C55-1A37D994E2BD}.AppStore|iPhone.Build.0 = Debug|Any CPU
	EndGlobalSection
EndGlobal
